
Microsoft Visual Studio Solution File, Format Version 12.00
# Visual Studio Version 16
VisualStudioVersion = 16.0.29519.181
MinimumVisualStudioVersion = 10.0.40219.1
Project("{FAE04EC0-301F-11D3-BF4B-00C04F79EFBC}") = "eticaret-staj2", "eticaret-staj2\eticaret-staj2.csproj", "{9267753C-C4B5-4008-867A-BE664EED95CD}"
EndProject
Global
	GlobalSection(SolutionConfigurationPlatforms) = preSolution
		Debug|Any CPU = Debug|Any CPU
		Release|Any CPU = Release|Any CPU
	EndGlobalSection
	GlobalSection(ProjectConfigurationPlatforms) = postSolution
		{9267753C-C4B5-4008-867A-BE664EED95CD}.Debug|Any CPU.ActiveCfg = Debug|Any CPU
		{9267753C-C4B5-4008-867A-BE664EED95CD}.Debug|Any CPU.Build.0 = Debug|Any CPU
		{9267753C-C4B5-4008-867A-BE664EED95CD}.Release|Any CPU.ActiveCfg = Release|Any CPU
		{9267753C-C4B5-4008-867A-BE664EED95CD}.Release|Any CPU.Build.0 = Release|Any CPU
	EndGlobalSection
	GlobalSection(SolutionProperties) = preSolution
		HideSolutionNode = FALSE
	EndGlobalSection
	GlobalSection(ExtensibilityGlobals) = postSolution
		SolutionGuid = {21245FF9-92FB-48E6-B92A-2DC000D641FF}
	EndGlobalSection
EndGlobal
